// !$*UTF8*$!
{
	archiveVersion = 1;
	classes = {
	};
	objectVersion = 50;
	objects = {

/* Begin PBXBuildFile section */
		B340EACE2090CB480093C752 /* AppDelegate.swift in Sources */ = {isa = PBXBuildFile; fileRef = B340EACD2090CB480093C752 /* AppDelegate.swift */; };
		B340EAD02090CB480093C752 /* ViewController.swift in Sources */ = {isa = PBXBuildFile; fileRef = B340EACF2090CB480093C752 /* ViewController.swift */; };
		B340EAD32090CB480093C752 /* Main.storyboard in Resources */ = {isa = PBXBuildFile; fileRef = B340EAD12090CB480093C752 /* Main.storyboard */; };
		B340EAD52090CB490093C752 /* Assets.xcassets in Resources */ = {isa = PBXBuildFile; fileRef = B340EAD42090CB490093C752 /* Assets.xcassets */; };
		B340EAD82090CB490093C752 /* LaunchScreen.storyboard in Resources */ = {isa = PBXBuildFile; fileRef = B340EAD62090CB490093C752 /* LaunchScreen.storyboard */; };
		B340EAE32090CB490093C752 /* deathNoteTests.swift in Sources */ = {isa = PBXBuildFile; fileRef = B340EAE22090CB490093C752 /* deathNoteTests.swift */; };
		B340EAEE2090CB490093C752 /* deathNoteUITests.swift in Sources */ = {isa = PBXBuildFile; fileRef = B340EAED2090CB490093C752 /* deathNoteUITests.swift */; };
		B340EAFC2090CFB50093C752 /* Model.swift in Sources */ = {isa = PBXBuildFile; fileRef = B340EAFB2090CFB50093C752 /* Model.swift */; };
/* End PBXBuildFile section */

/* Begin PBXContainerItemProxy section */
		B340EADF2090CB490093C752 /* PBXContainerItemProxy */ = {
			isa = PBXContainerItemProxy;
			containerPortal = B340EAC22090CB480093C752 /* Project object */;
			proxyType = 1;
			remoteGlobalIDString = B340EAC92090CB480093C752;
			remoteInfo = deathNote;
		};
		B340EAEA2090CB490093C752 /* PBXContainerItemProxy */ = {
			isa = PBXContainerItemProxy;
			containerPortal = B340EAC22090CB480093C752 /* Project object */;
			proxyType = 1;
			remoteGlobalIDString = B340EAC92090CB480093C752;
			remoteInfo = deathNote;
		};
/* End PBXContainerItemProxy section */

/* Begin PBXFileReference section */
		B340EACA2090CB480093C752 /* deathNote.app */ = {isa = PBXFileReference; explicitFileType = wrapper.application; includeInIndex = 0; path = deathNote.app; sourceTree = BUILT_PRODUCTS_DIR; };
		B340EACD2090CB480093C752 /* AppDelegate.swift */ = {isa = PBXFileReference; lastKnownFileType = sourcecode.swift; path = AppDelegate.swift; sourceTree = "<group>"; };
		B340EACF2090CB480093C752 /* ViewController.swift */ = {isa = PBXFileReference; lastKnownFileType = sourcecode.swift; path = ViewController.swift; sourceTree = "<group>"; };
		B340EAD22090CB480093C752 /* Base */ = {isa = PBXFileReference; lastKnownFileType = file.storyboard; name = Base; path = Base.lproj/Main.storyboard; sourceTree = "<group>"; };
		B340EAD42090CB490093C752 /* Assets.xcassets */ = {isa = PBXFileReference; lastKnownFileType = folder.assetcatalog; path = Assets.xcassets; sourceTree = "<group>"; };
		B340EAD72090CB490093C752 /* Base */ = {isa = PBXFileReference; lastKnownFileType = file.storyboard; name = Base; path = Base.lproj/LaunchScreen.storyboard; sourceTree = "<group>"; };
		B340EAD92090CB490093C752 /* Info.plist */ = {isa = PBXFileReference; lastKnownFileType = text.plist.xml; path = Info.plist; sourceTree = "<group>"; };
		B340EADE2090CB490093C752 /* deathNoteTests.xctest */ = {isa = PBXFileReference; explicitFileType = wrapper.cfbundle; includeInIndex = 0; path = deathNoteTests.xctest; sourceTree = BUILT_PRODUCTS_DIR; };
		B340EAE22090CB490093C752 /* deathNoteTests.swift */ = {isa = PBXFileReference; lastKnownFileType = sourcecode.swift; path = deathNoteTests.swift; sourceTree = "<group>"; };
		B340EAE42090CB490093C752 /* Info.plist */ = {isa = PBXFileReference; lastKnownFileType = text.plist.xml; path = Info.plist; sourceTree = "<group>"; };
		B340EAE92090CB490093C752 /* deathNoteUITests.xctest */ = {isa = PBXFileReference; explicitFileType = wrapper.cfbundle; includeInIndex = 0; path = deathNoteUITests.xctest; sourceTree = BUILT_PRODUCTS_DIR; };
		B340EAED2090CB490093C752 /* deathNoteUITests.swift */ = {isa = PBXFileReference; lastKnownFileType = sourcecode.swift; path = deathNoteUITests.swift; sourceTree = "<group>"; };
		B340EAEF2090CB490093C752 /* Info.plist */ = {isa = PBXFileReference; lastKnownFileType = text.plist.xml; path = Info.plist; sourceTree = "<group>"; };
		B340EAFB2090CFB50093C752 /* Model.swift */ = {isa = PBXFileReference; lastKnownFileType = sourcecode.swift; path = Model.swift; sourceTree = "<group>"; };
/* End PBXFileReference section */

/* Begin PBXFrameworksBuildPhase section */
		B340EAC72090CB480093C752 /* Frameworks */ = {
			isa = PBXFrameworksBuildPhase;
			buildActionMask = 2147483647;
			files = (
			);
			runOnlyForDeploymentPostprocessing = 0;
		};
		B340EADB2090CB490093C752 /* Frameworks */ = {
			isa = PBXFrameworksBuildPhase;
			buildActionMask = 2147483647;
			files = (
			);
			runOnlyForDeploymentPostprocessing = 0;
		};
		B340EAE62090CB490093C752 /* Frameworks */ = {
			isa = PBXFrameworksBuildPhase;
			buildActionMask = 2147483647;
			files = (
			);
			runOnlyForDeploymentPostprocessing = 0;
		};
/* End PBXFrameworksBuildPhase section */

/* Begin PBXGroup section */
		B340EAC12090CB480093C752 = {
			isa = PBXGroup;
			children = (
				B340EACC2090CB480093C752 /* deathNote */,
				B340EAE12090CB490093C752 /* deathNoteTests */,
				B340EAEC2090CB490093C752 /* deathNoteUITests */,
				B340EACB2090CB480093C752 /* Products */,
			);
			sourceTree = "<group>";
		};
		B340EACB2090CB480093C752 /* Products */ = {
			isa = PBXGroup;
			children = (
				B340EACA2090CB480093C752 /* deathNote.app */,
				B340EADE2090CB490093C752 /* deathNoteTests.xctest */,
				B340EAE92090CB490093C752 /* deathNoteUITests.xctest */,
			);
			name = Products;
			sourceTree = "<group>";
		};
		B340EACC2090CB480093C752 /* deathNote */ = {
			isa = PBXGroup;
			children = (
				B340EACD2090CB480093C752 /* AppDelegate.swift */,
				B340EACF2090CB480093C752 /* ViewController.swift */,
				B340EAD12090CB480093C752 /* Main.storyboard */,
				B340EAFB2090CFB50093C752 /* Model.swift */,
				B340EAD42090CB490093C752 /* Assets.xcassets */,
				B340EAD62090CB490093C752 /* LaunchScreen.storyboard */,
				B340EAD92090CB490093C752 /* Info.plist */,
			);
			path = deathNote;
			sourceTree = "<group>";
		};
		B340EAE12090CB490093C752 /* deathNoteTests */ = {
			isa = PBXGroup;
			children = (
				B340EAE22090CB490093C752 /* deathNoteTests.swift */,
				B340EAE42090CB490093C752 /* Info.plist */,
			);
			path = deathNoteTests;
			sourceTree = "<group>";
		};
		B340EAEC2090CB490093C752 /* deathNoteUITests */ = {
			isa = PBXGroup;
			children = (
				B340EAED2090CB490093C752 /* deathNoteUITests.swift */,
				B340EAEF2090CB490093C752 /* Info.plist */,
			);
			path = deathNoteUITests;
			sourceTree = "<group>";
		};
/* End PBXGroup section */

/* Begin PBXNativeTarget section */
		B340EAC92090CB480093C752 /* deathNote */ = {
			isa = PBXNativeTarget;
			buildConfigurationList = B340EAF22090CB490093C752 /* Build configuration list for PBXNativeTarget "deathNote" */;
			buildPhases = (
				B340EAC62090CB480093C752 /* Sources */,
				B340EAC72090CB480093C752 /* Frameworks */,
				B340EAC82090CB480093C752 /* Resources */,
			);
			buildRules = (
			);
			dependencies = (
			);
			name = deathNote;
			productName = deathNote;
			productReference = B340EACA2090CB480093C752 /* deathNote.app */;
			productType = "com.apple.product-type.application";
		};
		B340EADD2090CB490093C752 /* deathNoteTests */ = {
			isa = PBXNativeTarget;
			buildConfigurationList = B340EAF52090CB490093C752 /* Build configuration list for PBXNativeTarget "deathNoteTests" */;
			buildPhases = (
				B340EADA2090CB490093C752 /* Sources */,
				B340EADB2090CB490093C752 /* Frameworks */,
				B340EADC2090CB490093C752 /* Resources */,
			);
			buildRules = (
			);
			dependencies = (
				B340EAE02090CB490093C752 /* PBXTargetDependency */,
			);
			name = deathNoteTests;
			productName = deathNoteTests;
			productReference = B340EADE2090CB490093C752 /* deathNoteTests.xctest */;
			productType = "com.apple.product-type.bundle.unit-test";
		};
		B340EAE82090CB490093C752 /* deathNoteUITests */ = {
			isa = PBXNativeTarget;
			buildConfigurationList = B340EAF82090CB490093C752 /* Build configuration list for PBXNativeTarget "deathNoteUITests" */;
			buildPhases = (
				B340EAE52090CB490093C752 /* Sources */,
				B340EAE62090CB490093C752 /* Frameworks */,
				B340EAE72090CB490093C752 /* Resources */,
			);
			buildRules = (
			);
			dependencies = (
				B340EAEB2090CB490093C752 /* PBXTargetDependency */,
			);
			name = deathNoteUITests;
			productName = deathNoteUITests;
			productReference = B340EAE92090CB490093C752 /* deathNoteUITests.xctest */;
			productType = "com.apple.product-type.bundle.ui-testing";
		};
/* End PBXNativeTarget section */

/* Begin PBXProject section */
		B340EAC22090CB480093C752 /* Project object */ = {
			isa = PBXProject;
			attributes = {
				LastSwiftUpdateCheck = 0930;
				LastUpgradeCheck = 0930;
				ORGANIZATIONNAME = narajaon;
				TargetAttributes = {
					B340EAC92090CB480093C752 = {
						CreatedOnToolsVersion = 9.3;
					};
					B340EADD2090CB490093C752 = {
						CreatedOnToolsVersion = 9.3;
						TestTargetID = B340EAC92090CB480093C752;
					};
					B340EAE82090CB490093C752 = {
						CreatedOnToolsVersion = 9.3;
						TestTargetID = B340EAC92090CB480093C752;
					};
				};
			};
			buildConfigurationList = B340EAC52090CB480093C752 /* Build configuration list for PBXProject "deathNote" */;
			compatibilityVersion = "Xcode 9.3";
			developmentRegion = en;
			hasScannedForEncodings = 0;
			knownRegions = (
				en,
				Base,
			);
			mainGroup = B340EAC12090CB480093C752;
			productRefGroup = B340EACB2090CB480093C752 /* Products */;
			projectDirPath = "";
			projectRoot = "";
			targets = (
				B340EAC92090CB480093C752 /* deathNote */,
				B340EADD2090CB490093C752 /* deathNoteTests */,
				B340EAE82090CB490093C752 /* deathNoteUITests */,
			);
		};
/* End PBXProject section */

/* Begin PBXResourcesBuildPhase section */
		B340EAC82090CB480093C752 /* Resources */ = {
			isa = PBXResourcesBuildPhase;
			buildActionMask = 2147483647;
			files = (
				B340EAD82090CB490093C752 /* LaunchScreen.storyboard in Resources */,
				B340EAD52090CB490093C752 /* Assets.xcassets in Resources */,
				B340EAD32090CB480093C752 /* Main.storyboard in Resources */,
			);
			runOnlyForDeploymentPostprocessing = 0;
		};
		B340EADC2090CB490093C752 /* Resources */ = {
			isa = PBXResourcesBuildPhase;
			buildActionMask = 2147483647;
			files = (
			);
			runOnlyForDeploymentPostprocessing = 0;
		};
		B340EAE72090CB490093C752 /* Resources */ = {
			isa = PBXResourcesBuildPhase;
			buildActionMask = 2147483647;
			files = (
			);
			runOnlyForDeploymentPostprocessing = 0;
		};
/* End PBXResourcesBuildPhase section */

/* Begin PBXSourcesBuildPhase section */
		B340EAC62090CB480093C752 /* Sources */ = {
			isa = PBXSourcesBuildPhase;
			buildActionMask = 2147483647;
			files = (
				B340EAFC2090CFB50093C752 /* Model.swift in Sources */,
				B340EAD02090CB480093C752 /* ViewController.swift in Sources */,
				B340EACE2090CB480093C752 /* AppDelegate.swift in Sources */,
			);
			runOnlyForDeploymentPostprocessing = 0;
		};
		B340EADA2090CB490093C752 /* Sources */ = {
			isa = PBXSourcesBuildPhase;
			buildActionMask = 2147483647;
			files = (
				B340EAE32090CB490093C752 /* deathNoteTests.swift in Sources */,
			);
			runOnlyForDeploymentPostprocessing = 0;
		};
		B340EAE52090CB490093C752 /* Sources */ = {
			isa = PBXSourcesBuildPhase;
			buildActionMask = 2147483647;
			files = (
				B340EAEE2090CB490093C752 /* deathNoteUITests.swift in Sources */,
			);
			runOnlyForDeploymentPostprocessing = 0;
		};
/* End PBXSourcesBuildPhase section */

/* Begin PBXTargetDependency section */
		B340EAE02090CB490093C752 /* PBXTargetDependency */ = {
			isa = PBXTargetDependency;
			target = B340EAC92090CB480093C752 /* deathNote */;
			targetProxy = B340EADF2090CB490093C752 /* PBXContainerItemProxy */;
		};
		B340EAEB2090CB490093C752 /* PBXTargetDependency */ = {
			isa = PBXTargetDependency;
			target = B340EAC92090CB480093C752 /* deathNote */;
			targetProxy = B340EAEA2090CB490093C752 /* PBXContainerItemProxy */;
		};
/* End PBXTargetDependency section */

/* Begin PBXVariantGroup section */
		B340EAD12090CB480093C752 /* Main.storyboard */ = {
			isa = PBXVariantGroup;
			children = (
				B340EAD22090CB480093C752 /* Base */,
			);
			name = Main.storyboard;
			sourceTree = "<group>";
		};
		B340EAD62090CB490093C752 /* LaunchScreen.storyboard */ = {
			isa = PBXVariantGroup;
			children = (
				B340EAD72090CB490093C752 /* Base */,
			);
			name = LaunchScreen.storyboard;
			sourceTree = "<group>";
		};
/* End PBXVariantGroup section */

/* Begin XCBuildConfiguration section */
		B340EAF02090CB490093C752 /* Debug */ = {
			isa = XCBuildConfiguration;
			buildSettings = {
				ALWAYS_SEARCH_USER_PATHS = NO;
				CLANG_ANALYZER_NONNULL = YES;
				CLANG_ANALYZER_NUMBER_OBJECT_CONVERSION = YES_AGGRESSIVE;
				CLANG_CXX_LANGUAGE_STANDARD = "gnu++14";
				CLANG_CXX_LIBRARY = "libc++";
				CLANG_ENABLE_MODULES = YES;
				CLANG_ENABLE_OBJC_ARC = YES;
				CLANG_ENABLE_OBJC_WEAK = YES;
				CLANG_WARN_BLOCK_CAPTURE_AUTORELEASING = YES;
				CLANG_WARN_BOOL_CONVERSION = YES;
				CLANG_WARN_COMMA = YES;
				CLANG_WARN_CONSTANT_CONVERSION = YES;
				CLANG_WARN_DEPRECATED_OBJC_IMPLEMENTATIONS = YES;
				CLANG_WARN_DIRECT_OBJC_ISA_USAGE = YES_ERROR;
				CLANG_WARN_DOCUMENTATION_COMMENTS = YES;
				CLANG_WARN_EMPTY_BODY = YES;
				CLANG_WARN_ENUM_CONVERSION = YES;
				CLANG_WARN_INFINITE_RECURSION = YES;
				CLANG_WARN_INT_CONVERSION = YES;
				CLANG_WARN_NON_LITERAL_NULL_CONVERSION = YES;
				CLANG_WARN_OBJC_IMPLICIT_RETAIN_SELF = YES;
				CLANG_WARN_OBJC_LITERAL_CONVERSION = YES;
				CLANG_WARN_OBJC_ROOT_CLASS = YES_ERROR;
				CLANG_WARN_RANGE_LOOP_ANALYSIS = YES;
				CLANG_WARN_STRICT_PROTOTYPES = YES;
				CLANG_WARN_SUSPICIOUS_MOVE = YES;
				CLANG_WARN_UNGUARDED_AVAILABILITY = YES_AGGRESSIVE;
				CLANG_WARN_UNREACHABLE_CODE = YES;
				CLANG_WARN__DUPLICATE_METHOD_MATCH = YES;
				CODE_SIGN_IDENTITY = "iPhone Developer";
				COPY_PHASE_STRIP = NO;
				DEBUG_INFORMATION_FORMAT = dwarf;
				ENABLE_STRICT_OBJC_MSGSEND = YES;
				ENABLE_TESTABILITY = YES;
				GCC_C_LANGUAGE_STANDARD = gnu11;
				GCC_DYNAMIC_NO_PIC = NO;
				GCC_NO_COMMON_BLOCKS = YES;
				GCC_OPTIMIZATION_LEVEL = 0;
				GCC_PREPROCESSOR_DEFINITIONS = (
					"DEBUG=1",
					"$(inherited)",
				);
				GCC_WARN_64_TO_32_BIT_CONVERSION = YES;
				GCC_WARN_ABOUT_RETURN_TYPE = YES_ERROR;
				GCC_WARN_UNDECLARED_SELECTOR = YES;
				GCC_WARN_UNINITIALIZED_AUTOS = YES_AGGRESSIVE;
				GCC_WARN_UNUSED_FUNCTION = YES;
				GCC_WARN_UNUSED_VARIABLE = YES;
				IPHONEOS_DEPLOYMENT_TARGET = 11.3;
				MTL_ENABLE_DEBUG_INFO = YES;
				ONLY_ACTIVE_ARCH = YES;
				SDKROOT = iphoneos;
				SWIFT_ACTIVE_COMPILATION_CONDITIONS = DEBUG;
				SWIFT_OPTIMIZATION_LEVEL = "-Onone";
			};
			name = Debug;
		};
		B340EAF12090CB490093C752 /* Release */ = {
			isa = XCBuildConfiguration;
			buildSettings = {
				ALWAYS_SEARCH_USER_PATHS = NO;
				CLANG_ANALYZER_NONNULL = YES;
				CLANG_ANALYZER_NUMBER_OBJECT_CONVERSION = YES_AGGRESSIVE;
				CLANG_CXX_LANGUAGE_STANDARD = "gnu++14";
				CLANG_CXX_LIBRARY = "libc++";
				CLANG_ENABLE_MODULES = YES;
				CLANG_ENABLE_OBJC_ARC = YES;
				CLANG_ENABLE_OBJC_WEAK = YES;
				CLANG_WARN_BLOCK_CAPTURE_AUTORELEASING = YES;
				CLANG_WARN_BOOL_CONVERSION = YES;
				CLANG_WARN_COMMA = YES;
				CLANG_WARN_CONSTANT_CONVERSION = YES;
				CLANG_WARN_DEPRECATED_OBJC_IMPLEMENTATIONS = YES;
				CLANG_WARN_DIRECT_OBJC_ISA_USAGE = YES_ERROR;
				CLANG_WARN_DOCUMENTATION_COMMENTS = YES;
				CLANG_WARN_EMPTY_BODY = YES;
				CLANG_WARN_ENUM_CONVERSION = YES;
				CLANG_WARN_INFINITE_RECURSION = YES;
				CLANG_WARN_INT_CONVERSION = YES;
				CLANG_WARN_NON_LITERAL_NULL_CONVERSION = YES;
				CLANG_WARN_OBJC_IMPLICIT_RETAIN_SELF = YES;
				CLANG_WARN_OBJC_LITERAL_CONVERSION = YES;
				CLANG_WARN_OBJC_ROOT_CLASS = YES_ERROR;
				CLANG_WARN_RANGE_LOOP_ANALYSIS = YES;
				CLANG_WARN_STRICT_PROTOTYPES = YES;
				CLANG_WARN_SUSPICIOUS_MOVE = YES;
				CLANG_WARN_UNGUARDED_AVAILABILITY = YES_AGGRESSIVE;
				CLANG_WARN_UNREACHABLE_CODE = YES;
				CLANG_WARN__DUPLICATE_METHOD_MATCH = YES;
				CODE_SIGN_IDENTITY = "iPhone Developer";
				COPY_PHASE_STRIP = NO;
				DEBUG_INFORMATION_FORMAT = "dwarf-with-dsym";
				ENABLE_NS_ASSERTIONS = NO;
				ENABLE_STRICT_OBJC_MSGSEND = YES;
				GCC_C_LANGUAGE_STANDARD = gnu11;
				GCC_NO_COMMON_BLOCKS = YES;
				GCC_WARN_64_TO_32_BIT_CONVERSION = YES;
				GCC_WARN_ABOUT_RETURN_TYPE = YES_ERROR;
				GCC_WARN_UNDECLARED_SELECTOR = YES;
				GCC_WARN_UNINITIALIZED_AUTOS = YES_AGGRESSIVE;
				GCC_WARN_UNUSED_FUNCTION = YES;
				GCC_WARN_UNUSED_VARIABLE = YES;
				IPHONEOS_DEPLOYMENT_TARGET = 11.3;
				MTL_ENABLE_DEBUG_INFO = NO;
				SDKROOT = iphoneos;
				SWIFT_COMPILATION_MODE = wholemodule;
				SWIFT_OPTIMIZATION_LEVEL = "-O";
				VALIDATE_PRODUCT = YES;
			};
			name = Release;
		};
		B340EAF32090CB490093C752 /* Debug */ = {
			isa = XCBuildConfiguration;
			buildSettings = {
				ASSETCATALOG_COMPILER_APPICON_NAME = AppIcon;
				CODE_SIGN_STYLE = Automatic;
				INFOPLIST_FILE = deathNote/Info.plist;
				LD_RUNPATH_SEARCH_PATHS = (
					"$(inherited)",
					"@executable_path/Frameworks",
				);
				PRODUCT_BUNDLE_IDENTIFIER = narajaon.deathNote;
				PRODUCT_NAME = "$(TARGET_NAME)";
				SWIFT_VERSION = 4.0;
				TARGETED_DEVICE_FAMILY = "1,2";
			};
			name = Debug;
		};
		B340EAF42090CB490093C752 /* Release */ = {
			isa = XCBuildConfiguration;
			buildSettings = {
				ASSETCATALOG_COMPILER_APPICON_NAME = AppIcon;
				CODE_SIGN_STYLE = Automatic;
				INFOPLIST_FILE = deathNote/Info.plist;
				LD_RUNPATH_SEARCH_PATHS = (
					"$(inherited)",
					"@executable_path/Frameworks",
				);
				PRODUCT_BUNDLE_IDENTIFIER = narajaon.deathNote;
				PRODUCT_NAME = "$(TARGET_NAME)";
				SWIFT_VERSION = 4.0;
				TARGETED_DEVICE_FAMILY = "1,2";
			};
			name = Release;
		};
		B340EAF62090CB490093C752 /* Debug */ = {
			isa = XCBuildConfiguration;
			buildSettings = {
				ALWAYS_EMBED_SWIFT_STANDARD_LIBRARIES = YES;
				BUNDLE_LOADER = "$(TEST_HOST)";
				CODE_SIGN_STYLE = Automatic;
				INFOPLIST_FILE = deathNoteTests/Info.plist;
				LD_RUNPATH_SEARCH_PATHS = (
					"$(inherited)",
					"@executable_path/Frameworks",
					"@loader_path/Frameworks",
				);
				PRODUCT_BUNDLE_IDENTIFIER = narajaon.deathNoteTests;
				PRODUCT_NAME = "$(TARGET_NAME)";
				SWIFT_VERSION = 4.0;
				TARGETED_DEVICE_FAMILY = "1,2";
				TEST_HOST = "$(BUILT_PRODUCTS_DIR)/deathNote.app/deathNote";
			};
			name = Debug;
		};
		B340EAF72090CB490093C752 /* Release */ = {
			isa = XCBuildConfiguration;
			buildSettings = {
				ALWAYS_EMBED_SWIFT_STANDARD_LIBRARIES = YES;
				BUNDLE_LOADER = "$(TEST_HOST)";
				CODE_SIGN_STYLE = Automatic;
				INFOPLIST_FILE = deathNoteTests/Info.plist;
				LD_RUNPATH_SEARCH_PATHS = (
					"$(inherited)",
					"@executable_path/Frameworks",
					"@loader_path/Frameworks",
				);
				PRODUCT_BUNDLE_IDENTIFIER = narajaon.deathNoteTests;
				PRODUCT_NAME = "$(TARGET_NAME)";
				SWIFT_VERSION = 4.0;
				TARGETED_DEVICE_FAMILY = "1,2";
				TEST_HOST = "$(BUILT_PRODUCTS_DIR)/deathNote.app/deathNote";
			};
			name = Release;
		};
		B340EAF92090CB490093C752 /* Debug */ = {
			isa = XCBuildConfiguration;
			buildSettings = {
				ALWAYS_EMBED_SWIFT_STANDARD_LIBRARIES = YES;
				CODE_SIGN_STYLE = Automatic;
				INFOPLIST_FILE = deathNoteUITests/Info.plist;
				LD_RUNPATH_SEARCH_PATHS = (
					"$(inherited)",
					"@executable_path/Frameworks",
					"@loader_path/Frameworks",
				);
				PRODUCT_BUNDLE_IDENTIFIER = narajaon.deathNoteUITests;
				PRODUCT_NAME = "$(TARGET_NAME)";
				SWIFT_VERSION = 4.0;
				TARGETED_DEVICE_FAMILY = "1,2";
				TEST_TARGET_NAME = deathNote;
			};
			name = Debug;
		};
		B340EAFA2090CB490093C752 /* Release */ = {
			isa = XCBuildConfiguration;
			buildSettings = {
				ALWAYS_EMBED_SWIFT_STANDARD_LIBRARIES = YES;
				CODE_SIGN_STYLE = Automatic;
				INFOPLIST_FILE = deathNoteUITests/Info.plist;
				LD_RUNPATH_SEARCH_PATHS = (
					"$(inherited)",
					"@executable_path/Frameworks",
					"@loader_path/Frameworks",
				);
				PRODUCT_BUNDLE_IDENTIFIER = narajaon.deathNoteUITests;
				PRODUCT_NAME = "$(TARGET_NAME)";
				SWIFT_VERSION = 4.0;
				TARGETED_DEVICE_FAMILY = "1,2";
				TEST_TARGET_NAME = deathNote;
			};
			name = Release;
		};
/* End XCBuildConfiguration section */

/* Begin XCConfigurationList section */
		B340EAC52090CB480093C752 /* Build configuration list for PBXProject "deathNote" */ = {
			isa = XCConfigurationList;
			buildConfigurations = (
				B340EAF02090CB490093C752 /* Debug */,
				B340EAF12090CB490093C752 /* Release */,
			);
			defaultConfigurationIsVisible = 0;
			defaultConfigurationName = Release;
		};
		B340EAF22090CB490093C752 /* Build configuration list for PBXNativeTarget "deathNote" */ = {
			isa = XCConfigurationList;
			buildConfigurations = (
				B340EAF32090CB490093C752 /* Debug */,
				B340EAF42090CB490093C752 /* Release */,
			);
			defaultConfigurationIsVisible = 0;
			defaultConfigurationName = Release;
		};
		B340EAF52090CB490093C752 /* Build configuration list for PBXNativeTarget "deathNoteTests" */ = {
			isa = XCConfigurationList;
			buildConfigurations = (
				B340EAF62090CB490093C752 /* Debug */,
				B340EAF72090CB490093C752 /* Release */,
			);
			defaultConfigurationIsVisible = 0;
			defaultConfigurationName = Release;
		};
		B340EAF82090CB490093C752 /* Build configuration list for PBXNativeTarget "deathNoteUITests" */ = {
			isa = XCConfigurationList;
			buildConfigurations = (
				B340EAF92090CB490093C752 /* Debug */,
				B340EAFA2090CB490093C752 /* Release */,
			);
			defaultConfigurationIsVisible = 0;
			defaultConfigurationName = Release;
		};
/* End XCConfigurationList section */
	};
	rootObject = B340EAC22090CB480093C752 /* Project object */;
}
