// !$*UTF8*$!
{
	archiveVersion = 1;
	classes = {
	};
	objectVersion = 50;
	objects = {

/* Begin PBXBuildFile section */
		B3CFF57A209220E2000F0F39 /* AppDelegate.swift in Sources */ = {isa = PBXBuildFile; fileRef = B3CFF579209220E2000F0F39 /* AppDelegate.swift */; };
		B3CFF57C209220E2000F0F39 /* ViewController.swift in Sources */ = {isa = PBXBuildFile; fileRef = B3CFF57B209220E2000F0F39 /* ViewController.swift */; };
		B3CFF57F209220E2000F0F39 /* Main.storyboard in Resources */ = {isa = PBXBuildFile; fileRef = B3CFF57D209220E2000F0F39 /* Main.storyboard */; };
		B3CFF581209220E3000F0F39 /* Assets.xcassets in Resources */ = {isa = PBXBuildFile; fileRef = B3CFF580209220E3000F0F39 /* Assets.xcassets */; };
		B3CFF584209220E3000F0F39 /* LaunchScreen.storyboard in Resources */ = {isa = PBXBuildFile; fileRef = B3CFF582209220E3000F0F39 /* LaunchScreen.storyboard */; };
		B3CFF58F209220E3000F0F39 /* deathNoteTests.swift in Sources */ = {isa = PBXBuildFile; fileRef = B3CFF58E209220E3000F0F39 /* deathNoteTests.swift */; };
		B3CFF59A209220E3000F0F39 /* deathNoteUITests.swift in Sources */ = {isa = PBXBuildFile; fileRef = B3CFF599209220E3000F0F39 /* deathNoteUITests.swift */; };
		B3CFF5A820923313000F0F39 /* Model.swift in Sources */ = {isa = PBXBuildFile; fileRef = B3CFF5A720923313000F0F39 /* Model.swift */; };
/* End PBXBuildFile section */

/* Begin PBXContainerItemProxy section */
		B3CFF58B209220E3000F0F39 /* PBXContainerItemProxy */ = {
			isa = PBXContainerItemProxy;
			containerPortal = B3CFF56E209220E2000F0F39 /* Project object */;
			proxyType = 1;
			remoteGlobalIDString = B3CFF575209220E2000F0F39;
			remoteInfo = deathNote;
		};
		B3CFF596209220E3000F0F39 /* PBXContainerItemProxy */ = {
			isa = PBXContainerItemProxy;
			containerPortal = B3CFF56E209220E2000F0F39 /* Project object */;
			proxyType = 1;
			remoteGlobalIDString = B3CFF575209220E2000F0F39;
			remoteInfo = deathNote;
		};
/* End PBXContainerItemProxy section */

/* Begin PBXFileReference section */
		B3CFF576209220E2000F0F39 /* deathNote.app */ = {isa = PBXFileReference; explicitFileType = wrapper.application; includeInIndex = 0; path = deathNote.app; sourceTree = BUILT_PRODUCTS_DIR; };
		B3CFF579209220E2000F0F39 /* AppDelegate.swift */ = {isa = PBXFileReference; lastKnownFileType = sourcecode.swift; path = AppDelegate.swift; sourceTree = "<group>"; };
		B3CFF57B209220E2000F0F39 /* ViewController.swift */ = {isa = PBXFileReference; lastKnownFileType = sourcecode.swift; path = ViewController.swift; sourceTree = "<group>"; };
		B3CFF57E209220E2000F0F39 /* Base */ = {isa = PBXFileReference; lastKnownFileType = file.storyboard; name = Base; path = Base.lproj/Main.storyboard; sourceTree = "<group>"; };
		B3CFF580209220E3000F0F39 /* Assets.xcassets */ = {isa = PBXFileReference; lastKnownFileType = folder.assetcatalog; path = Assets.xcassets; sourceTree = "<group>"; };
		B3CFF583209220E3000F0F39 /* Base */ = {isa = PBXFileReference; lastKnownFileType = file.storyboard; name = Base; path = Base.lproj/LaunchScreen.storyboard; sourceTree = "<group>"; };
		B3CFF585209220E3000F0F39 /* Info.plist */ = {isa = PBXFileReference; lastKnownFileType = text.plist.xml; path = Info.plist; sourceTree = "<group>"; };
		B3CFF58A209220E3000F0F39 /* deathNoteTests.xctest */ = {isa = PBXFileReference; explicitFileType = wrapper.cfbundle; includeInIndex = 0; path = deathNoteTests.xctest; sourceTree = BUILT_PRODUCTS_DIR; };
		B3CFF58E209220E3000F0F39 /* deathNoteTests.swift */ = {isa = PBXFileReference; lastKnownFileType = sourcecode.swift; path = deathNoteTests.swift; sourceTree = "<group>"; };
		B3CFF590209220E3000F0F39 /* Info.plist */ = {isa = PBXFileReference; lastKnownFileType = text.plist.xml; path = Info.plist; sourceTree = "<group>"; };
		B3CFF595209220E3000F0F39 /* deathNoteUITests.xctest */ = {isa = PBXFileReference; explicitFileType = wrapper.cfbundle; includeInIndex = 0; path = deathNoteUITests.xctest; sourceTree = BUILT_PRODUCTS_DIR; };
		B3CFF599209220E3000F0F39 /* deathNoteUITests.swift */ = {isa = PBXFileReference; lastKnownFileType = sourcecode.swift; path = deathNoteUITests.swift; sourceTree = "<group>"; };
		B3CFF59B209220E3000F0F39 /* Info.plist */ = {isa = PBXFileReference; lastKnownFileType = text.plist.xml; path = Info.plist; sourceTree = "<group>"; };
		B3CFF5A720923313000F0F39 /* Model.swift */ = {isa = PBXFileReference; lastKnownFileType = sourcecode.swift; path = Model.swift; sourceTree = "<group>"; };
/* End PBXFileReference section */

/* Begin PBXFrameworksBuildPhase section */
		B3CFF573209220E2000F0F39 /* Frameworks */ = {
			isa = PBXFrameworksBuildPhase;
			buildActionMask = 2147483647;
			files = (
			);
			runOnlyForDeploymentPostprocessing = 0;
		};
		B3CFF587209220E3000F0F39 /* Frameworks */ = {
			isa = PBXFrameworksBuildPhase;
			buildActionMask = 2147483647;
			files = (
			);
			runOnlyForDeploymentPostprocessing = 0;
		};
		B3CFF592209220E3000F0F39 /* Frameworks */ = {
			isa = PBXFrameworksBuildPhase;
			buildActionMask = 2147483647;
			files = (
			);
			runOnlyForDeploymentPostprocessing = 0;
		};
/* End PBXFrameworksBuildPhase section */

/* Begin PBXGroup section */
		B3CFF56D209220E2000F0F39 = {
			isa = PBXGroup;
			children = (
				B3CFF578209220E2000F0F39 /* deathNote */,
				B3CFF58D209220E3000F0F39 /* deathNoteTests */,
				B3CFF598209220E3000F0F39 /* deathNoteUITests */,
				B3CFF577209220E2000F0F39 /* Products */,
			);
			sourceTree = "<group>";
		};
		B3CFF577209220E2000F0F39 /* Products */ = {
			isa = PBXGroup;
			children = (
				B3CFF576209220E2000F0F39 /* deathNote.app */,
				B3CFF58A209220E3000F0F39 /* deathNoteTests.xctest */,
				B3CFF595209220E3000F0F39 /* deathNoteUITests.xctest */,
			);
			name = Products;
			sourceTree = "<group>";
		};
		B3CFF578209220E2000F0F39 /* deathNote */ = {
			isa = PBXGroup;
			children = (
				B3CFF579209220E2000F0F39 /* AppDelegate.swift */,
				B3CFF57B209220E2000F0F39 /* ViewController.swift */,
				B3CFF57D209220E2000F0F39 /* Main.storyboard */,
				B3CFF5A720923313000F0F39 /* Model.swift */,
				B3CFF580209220E3000F0F39 /* Assets.xcassets */,
				B3CFF582209220E3000F0F39 /* LaunchScreen.storyboard */,
				B3CFF585209220E3000F0F39 /* Info.plist */,
			);
			path = deathNote;
			sourceTree = "<group>";
		};
		B3CFF58D209220E3000F0F39 /* deathNoteTests */ = {
			isa = PBXGroup;
			children = (
				B3CFF58E209220E3000F0F39 /* deathNoteTests.swift */,
				B3CFF590209220E3000F0F39 /* Info.plist */,
			);
			path = deathNoteTests;
			sourceTree = "<group>";
		};
		B3CFF598209220E3000F0F39 /* deathNoteUITests */ = {
			isa = PBXGroup;
			children = (
				B3CFF599209220E3000F0F39 /* deathNoteUITests.swift */,
				B3CFF59B209220E3000F0F39 /* Info.plist */,
			);
			path = deathNoteUITests;
			sourceTree = "<group>";
		};
/* End PBXGroup section */

/* Begin PBXNativeTarget section */
		B3CFF575209220E2000F0F39 /* deathNote */ = {
			isa = PBXNativeTarget;
			buildConfigurationList = B3CFF59E209220E3000F0F39 /* Build configuration list for PBXNativeTarget "deathNote" */;
			buildPhases = (
				B3CFF572209220E2000F0F39 /* Sources */,
				B3CFF573209220E2000F0F39 /* Frameworks */,
				B3CFF574209220E2000F0F39 /* Resources */,
			);
			buildRules = (
			);
			dependencies = (
			);
			name = deathNote;
			productName = deathNote;
			productReference = B3CFF576209220E2000F0F39 /* deathNote.app */;
			productType = "com.apple.product-type.application";
		};
		B3CFF589209220E3000F0F39 /* deathNoteTests */ = {
			isa = PBXNativeTarget;
			buildConfigurationList = B3CFF5A1209220E3000F0F39 /* Build configuration list for PBXNativeTarget "deathNoteTests" */;
			buildPhases = (
				B3CFF586209220E3000F0F39 /* Sources */,
				B3CFF587209220E3000F0F39 /* Frameworks */,
				B3CFF588209220E3000F0F39 /* Resources */,
			);
			buildRules = (
			);
			dependencies = (
				B3CFF58C209220E3000F0F39 /* PBXTargetDependency */,
			);
			name = deathNoteTests;
			productName = deathNoteTests;
			productReference = B3CFF58A209220E3000F0F39 /* deathNoteTests.xctest */;
			productType = "com.apple.product-type.bundle.unit-test";
		};
		B3CFF594209220E3000F0F39 /* deathNoteUITests */ = {
			isa = PBXNativeTarget;
			buildConfigurationList = B3CFF5A4209220E3000F0F39 /* Build configuration list for PBXNativeTarget "deathNoteUITests" */;
			buildPhases = (
				B3CFF591209220E3000F0F39 /* Sources */,
				B3CFF592209220E3000F0F39 /* Frameworks */,
				B3CFF593209220E3000F0F39 /* Resources */,
			);
			buildRules = (
			);
			dependencies = (
				B3CFF597209220E3000F0F39 /* PBXTargetDependency */,
			);
			name = deathNoteUITests;
			productName = deathNoteUITests;
			productReference = B3CFF595209220E3000F0F39 /* deathNoteUITests.xctest */;
			productType = "com.apple.product-type.bundle.ui-testing";
		};
/* End PBXNativeTarget section */

/* Begin PBXProject section */
		B3CFF56E209220E2000F0F39 /* Project object */ = {
			isa = PBXProject;
			attributes = {
				LastSwiftUpdateCheck = 0930;
				LastUpgradeCheck = 0930;
				ORGANIZATIONNAME = narajaon;
				TargetAttributes = {
					B3CFF575209220E2000F0F39 = {
						CreatedOnToolsVersion = 9.3;
					};
					B3CFF589209220E3000F0F39 = {
						CreatedOnToolsVersion = 9.3;
						TestTargetID = B3CFF575209220E2000F0F39;
					};
					B3CFF594209220E3000F0F39 = {
						CreatedOnToolsVersion = 9.3;
						TestTargetID = B3CFF575209220E2000F0F39;
					};
				};
			};
			buildConfigurationList = B3CFF571209220E2000F0F39 /* Build configuration list for PBXProject "deathNote" */;
			compatibilityVersion = "Xcode 9.3";
			developmentRegion = en;
			hasScannedForEncodings = 0;
			knownRegions = (
				en,
				Base,
			);
			mainGroup = B3CFF56D209220E2000F0F39;
			productRefGroup = B3CFF577209220E2000F0F39 /* Products */;
			projectDirPath = "";
			projectRoot = "";
			targets = (
				B3CFF575209220E2000F0F39 /* deathNote */,
				B3CFF589209220E3000F0F39 /* deathNoteTests */,
				B3CFF594209220E3000F0F39 /* deathNoteUITests */,
			);
		};
/* End PBXProject section */

/* Begin PBXResourcesBuildPhase section */
		B3CFF574209220E2000F0F39 /* Resources */ = {
			isa = PBXResourcesBuildPhase;
			buildActionMask = 2147483647;
			files = (
				B3CFF584209220E3000F0F39 /* LaunchScreen.storyboard in Resources */,
				B3CFF581209220E3000F0F39 /* Assets.xcassets in Resources */,
				B3CFF57F209220E2000F0F39 /* Main.storyboard in Resources */,
			);
			runOnlyForDeploymentPostprocessing = 0;
		};
		B3CFF588209220E3000F0F39 /* Resources */ = {
			isa = PBXResourcesBuildPhase;
			buildActionMask = 2147483647;
			files = (
			);
			runOnlyForDeploymentPostprocessing = 0;
		};
		B3CFF593209220E3000F0F39 /* Resources */ = {
			isa = PBXResourcesBuildPhase;
			buildActionMask = 2147483647;
			files = (
			);
			runOnlyForDeploymentPostprocessing = 0;
		};
/* End PBXResourcesBuildPhase section */

/* Begin PBXSourcesBuildPhase section */
		B3CFF572209220E2000F0F39 /* Sources */ = {
			isa = PBXSourcesBuildPhase;
			buildActionMask = 2147483647;
			files = (
				B3CFF5A820923313000F0F39 /* Model.swift in Sources */,
				B3CFF57C209220E2000F0F39 /* ViewController.swift in Sources */,
				B3CFF57A209220E2000F0F39 /* AppDelegate.swift in Sources */,
			);
			runOnlyForDeploymentPostprocessing = 0;
		};
		B3CFF586209220E3000F0F39 /* Sources */ = {
			isa = PBXSourcesBuildPhase;
			buildActionMask = 2147483647;
			files = (
				B3CFF58F209220E3000F0F39 /* deathNoteTests.swift in Sources */,
			);
			runOnlyForDeploymentPostprocessing = 0;
		};
		B3CFF591209220E3000F0F39 /* Sources */ = {
			isa = PBXSourcesBuildPhase;
			buildActionMask = 2147483647;
			files = (
				B3CFF59A209220E3000F0F39 /* deathNoteUITests.swift in Sources */,
			);
			runOnlyForDeploymentPostprocessing = 0;
		};
/* End PBXSourcesBuildPhase section */

/* Begin PBXTargetDependency section */
		B3CFF58C209220E3000F0F39 /* PBXTargetDependency */ = {
			isa = PBXTargetDependency;
			target = B3CFF575209220E2000F0F39 /* deathNote */;
			targetProxy = B3CFF58B209220E3000F0F39 /* PBXContainerItemProxy */;
		};
		B3CFF597209220E3000F0F39 /* PBXTargetDependency */ = {
			isa = PBXTargetDependency;
			target = B3CFF575209220E2000F0F39 /* deathNote */;
			targetProxy = B3CFF596209220E3000F0F39 /* PBXContainerItemProxy */;
		};
/* End PBXTargetDependency section */

/* Begin PBXVariantGroup section */
		B3CFF57D209220E2000F0F39 /* Main.storyboard */ = {
			isa = PBXVariantGroup;
			children = (
				B3CFF57E209220E2000F0F39 /* Base */,
			);
			name = Main.storyboard;
			sourceTree = "<group>";
		};
		B3CFF582209220E3000F0F39 /* LaunchScreen.storyboard */ = {
			isa = PBXVariantGroup;
			children = (
				B3CFF583209220E3000F0F39 /* Base */,
			);
			name = LaunchScreen.storyboard;
			sourceTree = "<group>";
		};
/* End PBXVariantGroup section */

/* Begin XCBuildConfiguration section */
		B3CFF59C209220E3000F0F39 /* Debug */ = {
			isa = XCBuildConfiguration;
			buildSettings = {
				ALWAYS_SEARCH_USER_PATHS = NO;
				CLANG_ANALYZER_NONNULL = YES;
				CLANG_ANALYZER_NUMBER_OBJECT_CONVERSION = YES_AGGRESSIVE;
				CLANG_CXX_LANGUAGE_STANDARD = "gnu++14";
				CLANG_CXX_LIBRARY = "libc++";
				CLANG_ENABLE_MODULES = YES;
				CLANG_ENABLE_OBJC_ARC = YES;
				CLANG_ENABLE_OBJC_WEAK = YES;
				CLANG_WARN_BLOCK_CAPTURE_AUTORELEASING = YES;
				CLANG_WARN_BOOL_CONVERSION = YES;
				CLANG_WARN_COMMA = YES;
				CLANG_WARN_CONSTANT_CONVERSION = YES;
				CLANG_WARN_DEPRECATED_OBJC_IMPLEMENTATIONS = YES;
				CLANG_WARN_DIRECT_OBJC_ISA_USAGE = YES_ERROR;
				CLANG_WARN_DOCUMENTATION_COMMENTS = YES;
				CLANG_WARN_EMPTY_BODY = YES;
				CLANG_WARN_ENUM_CONVERSION = YES;
				CLANG_WARN_INFINITE_RECURSION = YES;
				CLANG_WARN_INT_CONVERSION = YES;
				CLANG_WARN_NON_LITERAL_NULL_CONVERSION = YES;
				CLANG_WARN_OBJC_IMPLICIT_RETAIN_SELF = YES;
				CLANG_WARN_OBJC_LITERAL_CONVERSION = YES;
				CLANG_WARN_OBJC_ROOT_CLASS = YES_ERROR;
				CLANG_WARN_RANGE_LOOP_ANALYSIS = YES;
				CLANG_WARN_STRICT_PROTOTYPES = YES;
				CLANG_WARN_SUSPICIOUS_MOVE = YES;
				CLANG_WARN_UNGUARDED_AVAILABILITY = YES_AGGRESSIVE;
				CLANG_WARN_UNREACHABLE_CODE = YES;
				CLANG_WARN__DUPLICATE_METHOD_MATCH = YES;
				CODE_SIGN_IDENTITY = "iPhone Developer";
				COPY_PHASE_STRIP = NO;
				DEBUG_INFORMATION_FORMAT = dwarf;
				ENABLE_STRICT_OBJC_MSGSEND = YES;
				ENABLE_TESTABILITY = YES;
				GCC_C_LANGUAGE_STANDARD = gnu11;
				GCC_DYNAMIC_NO_PIC = NO;
				GCC_NO_COMMON_BLOCKS = YES;
				GCC_OPTIMIZATION_LEVEL = 0;
				GCC_PREPROCESSOR_DEFINITIONS = (
					"DEBUG=1",
					"$(inherited)",
				);
				GCC_WARN_64_TO_32_BIT_CONVERSION = YES;
				GCC_WARN_ABOUT_RETURN_TYPE = YES_ERROR;
				GCC_WARN_UNDECLARED_SELECTOR = YES;
				GCC_WARN_UNINITIALIZED_AUTOS = YES_AGGRESSIVE;
				GCC_WARN_UNUSED_FUNCTION = YES;
				GCC_WARN_UNUSED_VARIABLE = YES;
				IPHONEOS_DEPLOYMENT_TARGET = 11.3;
				MTL_ENABLE_DEBUG_INFO = YES;
				ONLY_ACTIVE_ARCH = YES;
				SDKROOT = iphoneos;
				SWIFT_ACTIVE_COMPILATION_CONDITIONS = DEBUG;
				SWIFT_OPTIMIZATION_LEVEL = "-Onone";
			};
			name = Debug;
		};
		B3CFF59D209220E3000F0F39 /* Release */ = {
			isa = XCBuildConfiguration;
			buildSettings = {
				ALWAYS_SEARCH_USER_PATHS = NO;
				CLANG_ANALYZER_NONNULL = YES;
				CLANG_ANALYZER_NUMBER_OBJECT_CONVERSION = YES_AGGRESSIVE;
				CLANG_CXX_LANGUAGE_STANDARD = "gnu++14";
				CLANG_CXX_LIBRARY = "libc++";
				CLANG_ENABLE_MODULES = YES;
				CLANG_ENABLE_OBJC_ARC = YES;
				CLANG_ENABLE_OBJC_WEAK = YES;
				CLANG_WARN_BLOCK_CAPTURE_AUTORELEASING = YES;
				CLANG_WARN_BOOL_CONVERSION = YES;
				CLANG_WARN_COMMA = YES;
				CLANG_WARN_CONSTANT_CONVERSION = YES;
				CLANG_WARN_DEPRECATED_OBJC_IMPLEMENTATIONS = YES;
				CLANG_WARN_DIRECT_OBJC_ISA_USAGE = YES_ERROR;
				CLANG_WARN_DOCUMENTATION_COMMENTS = YES;
				CLANG_WARN_EMPTY_BODY = YES;
				CLANG_WARN_ENUM_CONVERSION = YES;
				CLANG_WARN_INFINITE_RECURSION = YES;
				CLANG_WARN_INT_CONVERSION = YES;
				CLANG_WARN_NON_LITERAL_NULL_CONVERSION = YES;
				CLANG_WARN_OBJC_IMPLICIT_RETAIN_SELF = YES;
				CLANG_WARN_OBJC_LITERAL_CONVERSION = YES;
				CLANG_WARN_OBJC_ROOT_CLASS = YES_ERROR;
				CLANG_WARN_RANGE_LOOP_ANALYSIS = YES;
				CLANG_WARN_STRICT_PROTOTYPES = YES;
				CLANG_WARN_SUSPICIOUS_MOVE = YES;
				CLANG_WARN_UNGUARDED_AVAILABILITY = YES_AGGRESSIVE;
				CLANG_WARN_UNREACHABLE_CODE = YES;
				CLANG_WARN__DUPLICATE_METHOD_MATCH = YES;
				CODE_SIGN_IDENTITY = "iPhone Developer";
				COPY_PHASE_STRIP = NO;
				DEBUG_INFORMATION_FORMAT = "dwarf-with-dsym";
				ENABLE_NS_ASSERTIONS = NO;
				ENABLE_STRICT_OBJC_MSGSEND = YES;
				GCC_C_LANGUAGE_STANDARD = gnu11;
				GCC_NO_COMMON_BLOCKS = YES;
				GCC_WARN_64_TO_32_BIT_CONVERSION = YES;
				GCC_WARN_ABOUT_RETURN_TYPE = YES_ERROR;
				GCC_WARN_UNDECLARED_SELECTOR = YES;
				GCC_WARN_UNINITIALIZED_AUTOS = YES_AGGRESSIVE;
				GCC_WARN_UNUSED_FUNCTION = YES;
				GCC_WARN_UNUSED_VARIABLE = YES;
				IPHONEOS_DEPLOYMENT_TARGET = 11.3;
				MTL_ENABLE_DEBUG_INFO = NO;
				SDKROOT = iphoneos;
				SWIFT_COMPILATION_MODE = wholemodule;
				SWIFT_OPTIMIZATION_LEVEL = "-O";
				VALIDATE_PRODUCT = YES;
			};
			name = Release;
		};
		B3CFF59F209220E3000F0F39 /* Debug */ = {
			isa = XCBuildConfiguration;
			buildSettings = {
				ASSETCATALOG_COMPILER_APPICON_NAME = AppIcon;
				CODE_SIGN_STYLE = Automatic;
				INFOPLIST_FILE = deathNote/Info.plist;
				LD_RUNPATH_SEARCH_PATHS = (
					"$(inherited)",
					"@executable_path/Frameworks",
				);
				PRODUCT_BUNDLE_IDENTIFIER = narajaon.deathNote;
				PRODUCT_NAME = "$(TARGET_NAME)";
				SWIFT_VERSION = 4.0;
				TARGETED_DEVICE_FAMILY = "1,2";
			};
			name = Debug;
		};
		B3CFF5A0209220E3000F0F39 /* Release */ = {
			isa = XCBuildConfiguration;
			buildSettings = {
				ASSETCATALOG_COMPILER_APPICON_NAME = AppIcon;
				CODE_SIGN_STYLE = Automatic;
				INFOPLIST_FILE = deathNote/Info.plist;
				LD_RUNPATH_SEARCH_PATHS = (
					"$(inherited)",
					"@executable_path/Frameworks",
				);
				PRODUCT_BUNDLE_IDENTIFIER = narajaon.deathNote;
				PRODUCT_NAME = "$(TARGET_NAME)";
				SWIFT_VERSION = 4.0;
				TARGETED_DEVICE_FAMILY = "1,2";
			};
			name = Release;
		};
		B3CFF5A2209220E3000F0F39 /* Debug */ = {
			isa = XCBuildConfiguration;
			buildSettings = {
				ALWAYS_EMBED_SWIFT_STANDARD_LIBRARIES = YES;
				BUNDLE_LOADER = "$(TEST_HOST)";
				CODE_SIGN_STYLE = Automatic;
				INFOPLIST_FILE = deathNoteTests/Info.plist;
				LD_RUNPATH_SEARCH_PATHS = (
					"$(inherited)",
					"@executable_path/Frameworks",
					"@loader_path/Frameworks",
				);
				PRODUCT_BUNDLE_IDENTIFIER = narajaon.deathNoteTests;
				PRODUCT_NAME = "$(TARGET_NAME)";
				SWIFT_VERSION = 4.0;
				TARGETED_DEVICE_FAMILY = "1,2";
				TEST_HOST = "$(BUILT_PRODUCTS_DIR)/deathNote.app/deathNote";
			};
			name = Debug;
		};
		B3CFF5A3209220E3000F0F39 /* Release */ = {
			isa = XCBuildConfiguration;
			buildSettings = {
				ALWAYS_EMBED_SWIFT_STANDARD_LIBRARIES = YES;
				BUNDLE_LOADER = "$(TEST_HOST)";
				CODE_SIGN_STYLE = Automatic;
				INFOPLIST_FILE = deathNoteTests/Info.plist;
				LD_RUNPATH_SEARCH_PATHS = (
					"$(inherited)",
					"@executable_path/Frameworks",
					"@loader_path/Frameworks",
				);
				PRODUCT_BUNDLE_IDENTIFIER = narajaon.deathNoteTests;
				PRODUCT_NAME = "$(TARGET_NAME)";
				SWIFT_VERSION = 4.0;
				TARGETED_DEVICE_FAMILY = "1,2";
				TEST_HOST = "$(BUILT_PRODUCTS_DIR)/deathNote.app/deathNote";
			};
			name = Release;
		};
		B3CFF5A5209220E3000F0F39 /* Debug */ = {
			isa = XCBuildConfiguration;
			buildSettings = {
				ALWAYS_EMBED_SWIFT_STANDARD_LIBRARIES = YES;
				CODE_SIGN_STYLE = Automatic;
				INFOPLIST_FILE = deathNoteUITests/Info.plist;
				LD_RUNPATH_SEARCH_PATHS = (
					"$(inherited)",
					"@executable_path/Frameworks",
					"@loader_path/Frameworks",
				);
				PRODUCT_BUNDLE_IDENTIFIER = narajaon.deathNoteUITests;
				PRODUCT_NAME = "$(TARGET_NAME)";
				SWIFT_VERSION = 4.0;
				TARGETED_DEVICE_FAMILY = "1,2";
				TEST_TARGET_NAME = deathNote;
			};
			name = Debug;
		};
		B3CFF5A6209220E3000F0F39 /* Release */ = {
			isa = XCBuildConfiguration;
			buildSettings = {
				ALWAYS_EMBED_SWIFT_STANDARD_LIBRARIES = YES;
				CODE_SIGN_STYLE = Automatic;
				INFOPLIST_FILE = deathNoteUITests/Info.plist;
				LD_RUNPATH_SEARCH_PATHS = (
					"$(inherited)",
					"@executable_path/Frameworks",
					"@loader_path/Frameworks",
				);
				PRODUCT_BUNDLE_IDENTIFIER = narajaon.deathNoteUITests;
				PRODUCT_NAME = "$(TARGET_NAME)";
				SWIFT_VERSION = 4.0;
				TARGETED_DEVICE_FAMILY = "1,2";
				TEST_TARGET_NAME = deathNote;
			};
			name = Release;
		};
/* End XCBuildConfiguration section */

/* Begin XCConfigurationList section */
		B3CFF571209220E2000F0F39 /* Build configuration list for PBXProject "deathNote" */ = {
			isa = XCConfigurationList;
			buildConfigurations = (
				B3CFF59C209220E3000F0F39 /* Debug */,
				B3CFF59D209220E3000F0F39 /* Release */,
			);
			defaultConfigurationIsVisible = 0;
			defaultConfigurationName = Release;
		};
		B3CFF59E209220E3000F0F39 /* Build configuration list for PBXNativeTarget "deathNote" */ = {
			isa = XCConfigurationList;
			buildConfigurations = (
				B3CFF59F209220E3000F0F39 /* Debug */,
				B3CFF5A0209220E3000F0F39 /* Release */,
			);
			defaultConfigurationIsVisible = 0;
			defaultConfigurationName = Release;
		};
		B3CFF5A1209220E3000F0F39 /* Build configuration list for PBXNativeTarget "deathNoteTests" */ = {
			isa = XCConfigurationList;
			buildConfigurations = (
				B3CFF5A2209220E3000F0F39 /* Debug */,
				B3CFF5A3209220E3000F0F39 /* Release */,
			);
			defaultConfigurationIsVisible = 0;
			defaultConfigurationName = Release;
		};
		B3CFF5A4209220E3000F0F39 /* Build configuration list for PBXNativeTarget "deathNoteUITests" */ = {
			isa = XCConfigurationList;
			buildConfigurations = (
				B3CFF5A5209220E3000F0F39 /* Debug */,
				B3CFF5A6209220E3000F0F39 /* Release */,
			);
			defaultConfigurationIsVisible = 0;
			defaultConfigurationName = Release;
		};
/* End XCConfigurationList section */
	};
	rootObject = B3CFF56E209220E2000F0F39 /* Project object */;
}
